// !$*UTF8*$!
{
	archiveVersion = 1;
	classes = {
	};
	objectVersion = 55;
	objects = {

/* Begin PBXBuildFile section */
		BF0C2FDC273315DC00407ECF /* InfoPlist.strings in Resources */ = {isa = PBXBuildFile; fileRef = BF0C2FDE273315DC00407ECF /* InfoPlist.strings */; };
		BF0C2FE427331DD900407ECF /* Localizable.stringsdict in Resources */ = {isa = PBXBuildFile; fileRef = BF0C2FE627331DD900407ECF /* Localizable.stringsdict */; };
		BF59F5642740556E008AE758 /* ScoreView.swift in Sources */ = {isa = PBXBuildFile; fileRef = BF59F5632740556E008AE758 /* ScoreView.swift */; };
		BF59F56627407A39008AE758 /* AttributedString.swift in Sources */ = {isa = PBXBuildFile; fileRef = BF59F56527407A39008AE758 /* AttributedString.swift */; };
		BF6C00D1272E910A00BA3E63 /* Card.swift in Sources */ = {isa = PBXBuildFile; fileRef = BF6C00D0272E910A00BA3E63 /* Card.swift */; };
		BF7357E3272CB11900F6CAF7 /* Deck.swift in Sources */ = {isa = PBXBuildFile; fileRef = BF7357E2272CB11900F6CAF7 /* Deck.swift */; };
		BF816BB1272940DA00BD48D5 /* Assets.xcassets in Resources */ = {isa = PBXBuildFile; fileRef = BF816BB0272940DA00BD48D5 /* Assets.xcassets */; };
		BF8A0A3D2737FA110099EAA7 /* CardView.swift in Sources */ = {isa = PBXBuildFile; fileRef = BF8A0A3C2737FA110099EAA7 /* CardView.swift */; };
		BFA27039273C123500D027B1 /* Game.swift in Sources */ = {isa = PBXBuildFile; fileRef = BFA27038273C123500D027B1 /* Game.swift */; };
		BFA2703C273C1A7F00D027B1 /* ArraySlice.swift in Sources */ = {isa = PBXBuildFile; fileRef = BFA2703B273C1A7F00D027B1 /* ArraySlice.swift */; };
		BFA2703E273D1C3100D027B1 /* Animation.swift in Sources */ = {isa = PBXBuildFile; fileRef = BFA2703D273D1C3100D027B1 /* Animation.swift */; };
		BFCEF748273A9E6A005C440D /* BoardView.swift in Sources */ = {isa = PBXBuildFile; fileRef = BF508EB7273819D2008FF723 /* BoardView.swift */; };
		BFE11E912741DDE500F5B919 /* MemorySymbolsApp.swift in Sources */ = {isa = PBXBuildFile; fileRef = BFE11E902741DDE500F5B919 /* MemorySymbolsApp.swift */; };
		BFED4E9327443CE600DFCD1E /* Binding.swift in Sources */ = {isa = PBXBuildFile; fileRef = BFED4E9227443CE600DFCD1E /* Binding.swift */; };
		BFFC45D1273580850069CE07 /* Localizable.strings in Resources */ = {isa = PBXBuildFile; fileRef = BFFC45D3273580850069CE07 /* Localizable.strings */; };
		BFFC45D9273581530069CE07 /* DeckSelectionView.swift in Sources */ = {isa = PBXBuildFile; fileRef = BF0914D627356CC800B05D1D /* DeckSelectionView.swift */; };
		BFFC45DD2735B1B90069CE07 /* DeckNames.strings in Resources */ = {isa = PBXBuildFile; fileRef = BFFC45DF2735B1B90069CE07 /* DeckNames.strings */; };
		BFFC45E22735F65C0069CE07 /* GameView.swift in Sources */ = {isa = PBXBuildFile; fileRef = BFFC45E12735F65C0069CE07 /* GameView.swift */; };
/* End PBXBuildFile section */

/* Begin PBXFileReference section */
		BF0914D627356CC800B05D1D /* DeckSelectionView.swift */ = {isa = PBXFileReference; fileEncoding = 4; lastKnownFileType = sourcecode.swift; path = DeckSelectionView.swift; sourceTree = "<group>"; };
		BF0C2FDD273315DC00407ECF /* en */ = {isa = PBXFileReference; lastKnownFileType = text.plist.strings; name = en; path = en.lproj/InfoPlist.strings; sourceTree = "<group>"; };
		BF0C2FDF273315DE00407ECF /* fr */ = {isa = PBXFileReference; lastKnownFileType = text.plist.strings; name = fr; path = fr.lproj/InfoPlist.strings; sourceTree = "<group>"; };
		BF0C2FE527331DD900407ECF /* en */ = {isa = PBXFileReference; lastKnownFileType = text.plist.stringsdict; name = en; path = en.lproj/Localizable.stringsdict; sourceTree = "<group>"; };
		BF0C2FE727331DDB00407ECF /* fr */ = {isa = PBXFileReference; lastKnownFileType = text.plist.stringsdict; name = fr; path = fr.lproj/Localizable.stringsdict; sourceTree = "<group>"; };
		BF1406B411739FF400872873 /* Memory Symbols.app */ = {isa = PBXFileReference; explicitFileType = wrapper.application; includeInIndex = 0; path = "Memory Symbols.app"; sourceTree = BUILT_PRODUCTS_DIR; };
		BF508EB7273819D2008FF723 /* BoardView.swift */ = {isa = PBXFileReference; fileEncoding = 4; lastKnownFileType = sourcecode.swift; path = BoardView.swift; sourceTree = "<group>"; };
		BF59F5632740556E008AE758 /* ScoreView.swift */ = {isa = PBXFileReference; fileEncoding = 4; lastKnownFileType = sourcecode.swift; path = ScoreView.swift; sourceTree = "<group>"; };
		BF59F56527407A39008AE758 /* AttributedString.swift */ = {isa = PBXFileReference; fileEncoding = 4; lastKnownFileType = sourcecode.swift; path = AttributedString.swift; sourceTree = "<group>"; };
		BF6C00D0272E910A00BA3E63 /* Card.swift */ = {isa = PBXFileReference; fileEncoding = 4; lastKnownFileType = sourcecode.swift; path = Card.swift; sourceTree = "<group>"; };
		BF7357E2272CB11900F6CAF7 /* Deck.swift */ = {isa = PBXFileReference; fileEncoding = 4; lastKnownFileType = sourcecode.swift; path = Deck.swift; sourceTree = "<group>"; };
		BF816BB0272940DA00BD48D5 /* Assets.xcassets */ = {isa = PBXFileReference; lastKnownFileType = folder.assetcatalog; path = Assets.xcassets; sourceTree = "<group>"; };
		BF8A0A3C2737FA110099EAA7 /* CardView.swift */ = {isa = PBXFileReference; fileEncoding = 4; lastKnownFileType = sourcecode.swift; path = CardView.swift; sourceTree = "<group>"; };
		BFA27038273C123500D027B1 /* Game.swift */ = {isa = PBXFileReference; fileEncoding = 4; lastKnownFileType = sourcecode.swift; path = Game.swift; sourceTree = "<group>"; };
		BFA2703B273C1A7F00D027B1 /* ArraySlice.swift */ = {isa = PBXFileReference; fileEncoding = 4; lastKnownFileType = sourcecode.swift; path = ArraySlice.swift; sourceTree = "<group>"; };
		BFA2703D273D1C3100D027B1 /* Animation.swift */ = {isa = PBXFileReference; fileEncoding = 4; lastKnownFileType = sourcecode.swift; path = Animation.swift; sourceTree = "<group>"; };
		BFE11E902741DDE500F5B919 /* MemorySymbolsApp.swift */ = {isa = PBXFileReference; fileEncoding = 4; lastKnownFileType = sourcecode.swift; path = MemorySymbolsApp.swift; sourceTree = "<group>"; };
		BFED4E9227443CE600DFCD1E /* Binding.swift */ = {isa = PBXFileReference; lastKnownFileType = sourcecode.swift; path = Binding.swift; sourceTree = "<group>"; };
		BFFC45D2273580850069CE07 /* en */ = {isa = PBXFileReference; lastKnownFileType = text.plist.strings; name = en; path = en.lproj/Localizable.strings; sourceTree = "<group>"; };
		BFFC45D4273580860069CE07 /* fr */ = {isa = PBXFileReference; lastKnownFileType = text.plist.strings; name = fr; path = fr.lproj/Localizable.strings; sourceTree = "<group>"; };
		BFFC45DE2735B1B90069CE07 /* en */ = {isa = PBXFileReference; lastKnownFileType = text.plist.strings; name = en; path = en.lproj/DeckNames.strings; sourceTree = "<group>"; };
		BFFC45E02735B1BB0069CE07 /* fr */ = {isa = PBXFileReference; lastKnownFileType = text.plist.strings; name = fr; path = fr.lproj/DeckNames.strings; sourceTree = "<group>"; };
		BFFC45E12735F65C0069CE07 /* GameView.swift */ = {isa = PBXFileReference; fileEncoding = 4; lastKnownFileType = sourcecode.swift; path = GameView.swift; sourceTree = "<group>"; };
/* End PBXFileReference section */

/* Begin PBXFrameworksBuildPhase section */
		BF4CB77E116BD9EB00F40DD8 /* Frameworks */ = {
			isa = PBXFrameworksBuildPhase;
			buildActionMask = 2147483647;
			files = (
			);
			runOnlyForDeploymentPostprocessing = 0;
		};
/* End PBXFrameworksBuildPhase section */

/* Begin PBXGroup section */
		29B97314FDCFA39411CA2CEA = {
			isa = PBXGroup;
			children = (
				BF816BAE27293F7500BD48D5 /* Memory Symbols */,
				BF1406B511739FF400872873 /* Products */,
			);
			sourceTree = "<group>";
		};
		BF1406B511739FF400872873 /* Products */ = {
			isa = PBXGroup;
			children = (
				BF1406B411739FF400872873 /* Memory Symbols.app */,
			);
			name = Products;
			sourceTree = "<group>";
		};
		BF7357E1272CB10B00F6CAF7 /* Models */ = {
			isa = PBXGroup;
			children = (
				BF7357E2272CB11900F6CAF7 /* Deck.swift */,
				BFA27038273C123500D027B1 /* Game.swift */,
				BF6C00D0272E910A00BA3E63 /* Card.swift */,
			);
			path = Models;
			sourceTree = "<group>";
		};
		BF816BAE27293F7500BD48D5 /* Memory Symbols */ = {
			isa = PBXGroup;
			children = (
				BFE11E902741DDE500F5B919 /* MemorySymbolsApp.swift */,
				BFA2703A273C1A7400D027B1 /* Helpers */,
				BF7357E1272CB10B00F6CAF7 /* Models */,
				BFFC45E32735F9D20069CE07 /* SwiftUI */,
				BF816BB2272969A700BD48D5 /* Resources */,
			);
			path = "Memory Symbols";
			sourceTree = "<group>";
		};
		BF816BB2272969A700BD48D5 /* Resources */ = {
			isa = PBXGroup;
			children = (
				BFFC45DF2735B1B90069CE07 /* DeckNames.strings */,
				BFFC45D3273580850069CE07 /* Localizable.strings */,
				BF0C2FE627331DD900407ECF /* Localizable.stringsdict */,
				BF816BB0272940DA00BD48D5 /* Assets.xcassets */,
				BF0C2FDE273315DC00407ECF /* InfoPlist.strings */,
			);
			path = Resources;
			sourceTree = "<group>";
		};
		BFA2703A273C1A7400D027B1 /* Helpers */ = {
			isa = PBXGroup;
			children = (
				BFA2703D273D1C3100D027B1 /* Animation.swift */,
				BFA2703B273C1A7F00D027B1 /* ArraySlice.swift */,
				BF59F56527407A39008AE758 /* AttributedString.swift */,
				BFED4E9227443CE600DFCD1E /* Binding.swift */,
			);
			path = Helpers;
			sourceTree = "<group>";
		};
		BFFC45E32735F9D20069CE07 /* SwiftUI */ = {
			isa = PBXGroup;
			children = (
				BF0914D627356CC800B05D1D /* DeckSelectionView.swift */,
				BFFC45E12735F65C0069CE07 /* GameView.swift */,
				BF508EB7273819D2008FF723 /* BoardView.swift */,
				BF8A0A3C2737FA110099EAA7 /* CardView.swift */,
				BF59F5632740556E008AE758 /* ScoreView.swift */,
			);
			path = SwiftUI;
			sourceTree = "<group>";
		};
/* End PBXGroup section */

/* Begin PBXNativeTarget section */
		BF4CB718116BD9EB00F40DD8 /* Memory Symbols */ = {
			isa = PBXNativeTarget;
			buildConfigurationList = BF4CB782116BD9EB00F40DD8 /* Build configuration list for PBXNativeTarget "Memory Symbols" */;
			buildPhases = (
				BF4CB719116BD9EB00F40DD8 /* Resources */,
				BF4CB776116BD9EB00F40DD8 /* Sources */,
				BF4CB77E116BD9EB00F40DD8 /* Frameworks */,
			);
			buildRules = (
			);
			dependencies = (
			);
			name = "Memory Symbols";
			productName = "Memory Symbols";
			productReference = BF1406B411739FF400872873 /* Memory Symbols.app */;
			productType = "com.apple.product-type.application";
		};
/* End PBXNativeTarget section */

/* Begin PBXProject section */
		29B97313FDCFA39411CA2CEA /* Project object */ = {
			isa = PBXProject;
			attributes = {
				BuildIndependentTargetsInParallel = 1;
				LastSwiftUpdateCheck = 1310;
				LastUpgradeCheck = 1310;
				TargetAttributes = {
					BF4CB718116BD9EB00F40DD8 = {
						CreatedOnToolsVersion = 13.1;
					};
				};
			};
			buildConfigurationList = C01FCF4E08A954540054247B /* Build configuration list for PBXProject "Memory Symbols" */;
			compatibilityVersion = "Xcode 13.0";
			developmentRegion = en;
			hasScannedForEncodings = 0;
			knownRegions = (
				en,
				fr,
				Base,
			);
			mainGroup = 29B97314FDCFA39411CA2CEA;
			productRefGroup = BF1406B511739FF400872873 /* Products */;
			projectDirPath = "";
			projectRoot = "";
			targets = (
				BF4CB718116BD9EB00F40DD8 /* Memory Symbols */,
			);
		};
/* End PBXProject section */

/* Begin PBXResourcesBuildPhase section */
		BF4CB719116BD9EB00F40DD8 /* Resources */ = {
			isa = PBXResourcesBuildPhase;
			buildActionMask = 2147483647;
			files = (
				BFFC45D1273580850069CE07 /* Localizable.strings in Resources */,
				BFFC45DD2735B1B90069CE07 /* DeckNames.strings in Resources */,
				BF816BB1272940DA00BD48D5 /* Assets.xcassets in Resources */,
				BF0C2FDC273315DC00407ECF /* InfoPlist.strings in Resources */,
				BF0C2FE427331DD900407ECF /* Localizable.stringsdict in Resources */,
			);
			runOnlyForDeploymentPostprocessing = 0;
		};
/* End PBXResourcesBuildPhase section */

/* Begin PBXSourcesBuildPhase section */
		BF4CB776116BD9EB00F40DD8 /* Sources */ = {
			isa = PBXSourcesBuildPhase;
			buildActionMask = 2147483647;
			files = (
				BF59F56627407A39008AE758 /* AttributedString.swift in Sources */,
				BFA2703E273D1C3100D027B1 /* Animation.swift in Sources */,
				BFCEF748273A9E6A005C440D /* BoardView.swift in Sources */,
				BFE11E912741DDE500F5B919 /* MemorySymbolsApp.swift in Sources */,
				BFA2703C273C1A7F00D027B1 /* ArraySlice.swift in Sources */,
				BFFC45E22735F65C0069CE07 /* GameView.swift in Sources */,
				BF8A0A3D2737FA110099EAA7 /* CardView.swift in Sources */,
				BFED4E9327443CE600DFCD1E /* Binding.swift in Sources */,
				BF7357E3272CB11900F6CAF7 /* Deck.swift in Sources */,
				BFA27039273C123500D027B1 /* Game.swift in Sources */,
				BF6C00D1272E910A00BA3E63 /* Card.swift in Sources */,
				BFFC45D9273581530069CE07 /* DeckSelectionView.swift in Sources */,
				BF59F5642740556E008AE758 /* ScoreView.swift in Sources */,
			);
			runOnlyForDeploymentPostprocessing = 0;
		};
/* End PBXSourcesBuildPhase section */

/* Begin PBXVariantGroup section */
		BF0C2FDE273315DC00407ECF /* InfoPlist.strings */ = {
			isa = PBXVariantGroup;
			children = (
				BF0C2FDD273315DC00407ECF /* en */,
				BF0C2FDF273315DE00407ECF /* fr */,
			);
			name = InfoPlist.strings;
			sourceTree = "<group>";
		};
		BF0C2FE627331DD900407ECF /* Localizable.stringsdict */ = {
			isa = PBXVariantGroup;
			children = (
				BF0C2FE527331DD900407ECF /* en */,
				BF0C2FE727331DDB00407ECF /* fr */,
			);
			name = Localizable.stringsdict;
			sourceTree = "<group>";
		};
		BFFC45D3273580850069CE07 /* Localizable.strings */ = {
			isa = PBXVariantGroup;
			children = (
				BFFC45D2273580850069CE07 /* en */,
				BFFC45D4273580860069CE07 /* fr */,
			);
			name = Localizable.strings;
			sourceTree = "<group>";
		};
		BFFC45DF2735B1B90069CE07 /* DeckNames.strings */ = {
			isa = PBXVariantGroup;
			children = (
				BFFC45DE2735B1B90069CE07 /* en */,
				BFFC45E02735B1BB0069CE07 /* fr */,
			);
			name = DeckNames.strings;
			sourceTree = "<group>";
		};
/* End PBXVariantGroup section */

/* Begin XCBuildConfiguration section */
		BF4CB783116BD9EB00F40DD8 /* Debug */ = {
			isa = XCBuildConfiguration;
			buildSettings = {
				ASSETCATALOG_COMPILER_APPICON_NAME = AppIcon;
				CODE_SIGN_STYLE = Automatic;
				CURRENT_PROJECT_VERSION = 1;
				ENABLE_PREVIEWS = YES;
				GENERATE_INFOPLIST_FILE = YES;
				INFOPLIST_KEY_UIApplicationSceneManifest_Generation = YES;
				INFOPLIST_KEY_UIApplicationSupportsIndirectInputEvents = YES;
				INFOPLIST_KEY_UILaunchScreen_Generation = YES;
				INFOPLIST_KEY_UISupportedInterfaceOrientations = UIInterfaceOrientationPortrait;
				INFOPLIST_KEY_UISupportedInterfaceOrientations_iPhone = UIInterfaceOrientationPortrait;
				LD_RUNPATH_SEARCH_PATHS = (
					"$(inherited)",
					"@executable_path/Frameworks",
				);
				MARKETING_VERSION = 1.0;
				PRODUCT_BUNDLE_IDENTIFIER = "io.jarosz.Memory-Symbols";
				PRODUCT_NAME = "$(TARGET_NAME)";
				SWIFT_EMIT_LOC_STRINGS = YES;
				SWIFT_VERSION = 5.0;
			};
			name = Debug;
		};
		BF4CB784116BD9EB00F40DD8 /* Release */ = {
			isa = XCBuildConfiguration;
			buildSettings = {
				ASSETCATALOG_COMPILER_APPICON_NAME = AppIcon;
				CODE_SIGN_STYLE = Automatic;
				CURRENT_PROJECT_VERSION = 1;
				ENABLE_PREVIEWS = YES;
				GENERATE_INFOPLIST_FILE = YES;
				INFOPLIST_KEY_UIApplicationSceneManifest_Generation = YES;
				INFOPLIST_KEY_UIApplicationSupportsIndirectInputEvents = YES;
				INFOPLIST_KEY_UILaunchScreen_Generation = YES;
				INFOPLIST_KEY_UISupportedInterfaceOrientations = UIInterfaceOrientationPortrait;
				INFOPLIST_KEY_UISupportedInterfaceOrientations_iPhone = UIInterfaceOrientationPortrait;
				LD_RUNPATH_SEARCH_PATHS = (
					"$(inherited)",
					"@executable_path/Frameworks",
				);
				MARKETING_VERSION = 1.0;
				PRODUCT_BUNDLE_IDENTIFIER = "io.jarosz.Memory-Symbols";
				PRODUCT_NAME = "$(TARGET_NAME)";
				SWIFT_EMIT_LOC_STRINGS = YES;
				SWIFT_VERSION = 5.0;
			};
			name = Release;
		};
		C01FCF4F08A954540054247B /* Debug */ = {
			isa = XCBuildConfiguration;
			buildSettings = {
				ALWAYS_SEARCH_USER_PATHS = NO;
				CLANG_ANALYZER_NONNULL = YES;
				CLANG_ANALYZER_NUMBER_OBJECT_CONVERSION = YES_AGGRESSIVE;
				CLANG_CXX_LANGUAGE_STANDARD = "gnu++17";
				CLANG_CXX_LIBRARY = "libc++";
				CLANG_ENABLE_MODULES = YES;
				CLANG_ENABLE_OBJC_ARC = YES;
				CLANG_ENABLE_OBJC_WEAK = YES;
				CLANG_WARN_BLOCK_CAPTURE_AUTORELEASING = YES;
				CLANG_WARN_BOOL_CONVERSION = YES;
				CLANG_WARN_COMMA = YES;
				CLANG_WARN_CONSTANT_CONVERSION = YES;
				CLANG_WARN_DEPRECATED_OBJC_IMPLEMENTATIONS = YES;
				CLANG_WARN_DIRECT_OBJC_ISA_USAGE = YES_ERROR;
				CLANG_WARN_DOCUMENTATION_COMMENTS = YES;
				CLANG_WARN_EMPTY_BODY = YES;
				CLANG_WARN_ENUM_CONVERSION = YES;
				CLANG_WARN_INFINITE_RECURSION = YES;
				CLANG_WARN_INT_CONVERSION = YES;
				CLANG_WARN_NON_LITERAL_NULL_CONVERSION = YES;
				CLANG_WARN_OBJC_IMPLICIT_RETAIN_SELF = YES;
				CLANG_WARN_OBJC_LITERAL_CONVERSION = YES;
				CLANG_WARN_OBJC_ROOT_CLASS = YES_ERROR;
				CLANG_WARN_QUOTED_INCLUDE_IN_FRAMEWORK_HEADER = YES;
				CLANG_WARN_RANGE_LOOP_ANALYSIS = YES;
				CLANG_WARN_STRICT_PROTOTYPES = YES;
				CLANG_WARN_SUSPICIOUS_MOVE = YES;
				CLANG_WARN_UNGUARDED_AVAILABILITY = YES_AGGRESSIVE;
				CLANG_WARN_UNREACHABLE_CODE = YES;
				CLANG_WARN__DUPLICATE_METHOD_MATCH = YES;
				COPY_PHASE_STRIP = NO;
				DEBUG_INFORMATION_FORMAT = dwarf;
				ENABLE_STRICT_OBJC_MSGSEND = YES;
				ENABLE_TESTABILITY = YES;
				GCC_C_LANGUAGE_STANDARD = gnu11;
				GCC_DYNAMIC_NO_PIC = NO;
				GCC_NO_COMMON_BLOCKS = YES;
				GCC_OPTIMIZATION_LEVEL = 0;
				GCC_PREPROCESSOR_DEFINITIONS = (
					"DEBUG=1",
					"$(inherited)",
				);
				GCC_WARN_64_TO_32_BIT_CONVERSION = YES;
				GCC_WARN_ABOUT_RETURN_TYPE = YES_ERROR;
				GCC_WARN_UNDECLARED_SELECTOR = YES;
				GCC_WARN_UNINITIALIZED_AUTOS = YES_AGGRESSIVE;
				GCC_WARN_UNUSED_FUNCTION = YES;
				GCC_WARN_UNUSED_VARIABLE = YES;
				IPHONEOS_DEPLOYMENT_TARGET = 15.0;
				MTL_ENABLE_DEBUG_INFO = INCLUDE_SOURCE;
				MTL_FAST_MATH = YES;
				ONLY_ACTIVE_ARCH = YES;
				SDKROOT = iphoneos;
				SWIFT_ACTIVE_COMPILATION_CONDITIONS = DEBUG;
				SWIFT_OPTIMIZATION_LEVEL = "-Onone";
			};
			name = Debug;
		};
		C01FCF5008A954540054247B /* Release */ = {
			isa = XCBuildConfiguration;
			buildSettings = {
				ALWAYS_SEARCH_USER_PATHS = NO;
				CLANG_ANALYZER_NONNULL = YES;
				CLANG_ANALYZER_NUMBER_OBJECT_CONVERSION = YES_AGGRESSIVE;
				CLANG_CXX_LANGUAGE_STANDARD = "gnu++17";
				CLANG_CXX_LIBRARY = "libc++";
				CLANG_ENABLE_MODULES = YES;
				CLANG_ENABLE_OBJC_ARC = YES;
				CLANG_ENABLE_OBJC_WEAK = YES;
				CLANG_WARN_BLOCK_CAPTURE_AUTORELEASING = YES;
				CLANG_WARN_BOOL_CONVERSION = YES;
				CLANG_WARN_COMMA = YES;
				CLANG_WARN_CONSTANT_CONVERSION = YES;
				CLANG_WARN_DEPRECATED_OBJC_IMPLEMENTATIONS = YES;
				CLANG_WARN_DIRECT_OBJC_ISA_USAGE = YES_ERROR;
				CLANG_WARN_DOCUMENTATION_COMMENTS = YES;
				CLANG_WARN_EMPTY_BODY = YES;
				CLANG_WARN_ENUM_CONVERSION = YES;
				CLANG_WARN_INFINITE_RECURSION = YES;
				CLANG_WARN_INT_CONVERSION = YES;
				CLANG_WARN_NON_LITERAL_NULL_CONVERSION = YES;
				CLANG_WARN_OBJC_IMPLICIT_RETAIN_SELF = YES;
				CLANG_WARN_OBJC_LITERAL_CONVERSION = YES;
				CLANG_WARN_OBJC_ROOT_CLASS = YES_ERROR;
				CLANG_WARN_QUOTED_INCLUDE_IN_FRAMEWORK_HEADER = YES;
				CLANG_WARN_RANGE_LOOP_ANALYSIS = YES;
				CLANG_WARN_STRICT_PROTOTYPES = YES;
				CLANG_WARN_SUSPICIOUS_MOVE = YES;
				CLANG_WARN_UNGUARDED_AVAILABILITY = YES_AGGRESSIVE;
				CLANG_WARN_UNREACHABLE_CODE = YES;
				CLANG_WARN__DUPLICATE_METHOD_MATCH = YES;
				COPY_PHASE_STRIP = NO;
				DEBUG_INFORMATION_FORMAT = "dwarf-with-dsym";
				ENABLE_NS_ASSERTIONS = NO;
				ENABLE_STRICT_OBJC_MSGSEND = YES;
				GCC_C_LANGUAGE_STANDARD = gnu11;
				GCC_NO_COMMON_BLOCKS = YES;
				GCC_WARN_64_TO_32_BIT_CONVERSION = YES;
				GCC_WARN_ABOUT_RETURN_TYPE = YES_ERROR;
				GCC_WARN_UNDECLARED_SELECTOR = YES;
				GCC_WARN_UNINITIALIZED_AUTOS = YES_AGGRESSIVE;
				GCC_WARN_UNUSED_FUNCTION = YES;
				GCC_WARN_UNUSED_VARIABLE = YES;
				IPHONEOS_DEPLOYMENT_TARGET = 15.0;
				MTL_ENABLE_DEBUG_INFO = NO;
				MTL_FAST_MATH = YES;
				SDKROOT = iphoneos;
				SWIFT_COMPILATION_MODE = wholemodule;
				SWIFT_OPTIMIZATION_LEVEL = "-O";
				VALIDATE_PRODUCT = YES;
			};
			name = Release;
		};
/* End XCBuildConfiguration section */

/* Begin XCConfigurationList section */
		BF4CB782116BD9EB00F40DD8 /* Build configuration list for PBXNativeTarget "Memory Symbols" */ = {
			isa = XCConfigurationList;
			buildConfigurations = (
				BF4CB783116BD9EB00F40DD8 /* Debug */,
				BF4CB784116BD9EB00F40DD8 /* Release */,
			);
			defaultConfigurationIsVisible = 0;
			defaultConfigurationName = Release;
		};
		C01FCF4E08A954540054247B /* Build configuration list for PBXProject "Memory Symbols" */ = {
			isa = XCConfigurationList;
			buildConfigurations = (
				C01FCF4F08A954540054247B /* Debug */,
				C01FCF5008A954540054247B /* Release */,
			);
			defaultConfigurationIsVisible = 0;
			defaultConfigurationName = Release;
		};
/* End XCConfigurationList section */
	};
	rootObject = 29B97313FDCFA39411CA2CEA /* Project object */;
}
